
Microsoft Visual Studio Solution File, Format Version 12.00
# Visual Studio 15
VisualStudioVersion = 15.0.26730.16
MinimumVisualStudioVersion = 10.0.40219.1
Project("{FAE04EC0-301F-11D3-BF4B-00C04F79EFBC}") = "Console App Project One", "Console App Project One\Console App Project One.csproj", "{40434666-B4F5-4D71-AA02-7B11F89969BA}"
EndProject
Global
	GlobalSection(SolutionConfigurationPlatforms) = preSolution
		Debug|Any CPU = Debug|Any CPU
		Release|Any CPU = Release|Any CPU
	EndGlobalSection
	GlobalSection(ProjectConfigurationPlatforms) = postSolution
		{40434666-B4F5-4D71-AA02-7B11F89969BA}.Debug|Any CPU.ActiveCfg = Debug|Any CPU
		{40434666-B4F5-4D71-AA02-7B11F89969BA}.Debug|Any CPU.Build.0 = Debug|Any CPU
		{40434666-B4F5-4D71-AA02-7B11F89969BA}.Release|Any CPU.ActiveCfg = Release|Any CPU
		{40434666-B4F5-4D71-AA02-7B11F89969BA}.Release|Any CPU.Build.0 = Release|Any CPU
	EndGlobalSection
	GlobalSection(SolutionProperties) = preSolution
		HideSolutionNode = FALSE
	EndGlobalSection
	GlobalSection(ExtensibilityGlobals) = postSolution
		SolutionGuid = {436A2B84-83A9-49E6-97AE-4662AB67FADA}
	EndGlobalSection
EndGlobal
